
Microsoft Visual Studio Solution File, Format Version 12.00
# Visual Studio Version 17
VisualStudioVersion = 17.10.34916.146
MinimumVisualStudioVersion = 10.0.40219.1
Project("{FAE04EC0-301F-11D3-BF4B-00C04F79EFBC}") = "ToDos", "ToDos\ToDos.csproj", "{38BFF157-F262-4C92-AF71-B56D93FCEA95}"
EndProject
Global
	GlobalSection(SolutionConfigurationPlatforms) = preSolution
		Debug|Any CPU = Debug|Any CPU
		Release|Any CPU = Release|Any CPU
	EndGlobalSection
	GlobalSection(ProjectConfigurationPlatforms) = postSolution
		{38BFF157-F262-4C92-AF71-B56D93FCEA95}.Debug|Any CPU.ActiveCfg = Debug|Any CPU
		{38BFF157-F262-4C92-AF71-B56D93FCEA95}.Debug|Any CPU.Build.0 = Debug|Any CPU
		{38BFF157-F262-4C92-AF71-B56D93FCEA95}.Release|Any CPU.ActiveCfg = Release|Any CPU
		{38BFF157-F262-4C92-AF71-B56D93FCEA95}.Release|Any CPU.Build.0 = Release|Any CPU
	EndGlobalSection
	GlobalSection(SolutionProperties) = preSolution
		HideSolutionNode = FALSE
	EndGlobalSection
	GlobalSection(ExtensibilityGlobals) = postSolution
		SolutionGuid = {09BC4FD6-537B-417F-9C0F-BE118075F093}
	EndGlobalSection
EndGlobal
